// !$*UTF8*$!
{
	archiveVersion = 1;
	classes = {
	};
	objectVersion = 48;
	objects = {

/* Begin PBXBuildFile section */
		991CDCA42028FA1E00E75C28 /* EditNewCategoryViewController.swift in Sources */ = {isa = PBXBuildFile; fileRef = 991CDCA32028FA1E00E75C28 /* EditNewCategoryViewController.swift */; };
		991CDCA6202A4E0900E75C28 /* CategoryTitleTableViewCell.swift in Sources */ = {isa = PBXBuildFile; fileRef = 991CDCA5202A4E0900E75C28 /* CategoryTitleTableViewCell.swift */; };
		99579EC0202107AF004118FC /* AppDelegate.swift in Sources */ = {isa = PBXBuildFile; fileRef = 99579EBF202107AF004118FC /* AppDelegate.swift */; };
		99579EC2202107AF004118FC /* CategoryViewController.swift in Sources */ = {isa = PBXBuildFile; fileRef = 99579EC1202107AF004118FC /* CategoryViewController.swift */; };
		99579EC5202107AF004118FC /* Main.storyboard in Resources */ = {isa = PBXBuildFile; fileRef = 99579EC3202107AF004118FC /* Main.storyboard */; };
		99579ECA202107AF004118FC /* Assets.xcassets in Resources */ = {isa = PBXBuildFile; fileRef = 99579EC9202107AF004118FC /* Assets.xcassets */; };
		99579ECD202107AF004118FC /* LaunchScreen.storyboard in Resources */ = {isa = PBXBuildFile; fileRef = 99579ECB202107AF004118FC /* LaunchScreen.storyboard */; };
		9965FE8B2027ADED009E457F /* Category.swift in Sources */ = {isa = PBXBuildFile; fileRef = 9965FE8A2027ADED009E457F /* Category.swift */; };
		D648127C463CCE720E56FA4C /* Pods_zuTun.framework in Frameworks */ = {isa = PBXBuildFile; fileRef = D1CB90D33A069765588B02A5 /* Pods_zuTun.framework */; };
/* End PBXBuildFile section */

/* Begin PBXFileReference section */
		64E75A2B9E3E466912BE6A41 /* Pods-zuTun.release.xcconfig */ = {isa = PBXFileReference; includeInIndex = 1; lastKnownFileType = text.xcconfig; name = "Pods-zuTun.release.xcconfig"; path = "Pods/Target Support Files/Pods-zuTun/Pods-zuTun.release.xcconfig"; sourceTree = "<group>"; };
		991CDCA32028FA1E00E75C28 /* EditNewCategoryViewController.swift */ = {isa = PBXFileReference; lastKnownFileType = sourcecode.swift; path = EditNewCategoryViewController.swift; sourceTree = "<group>"; };
		991CDCA5202A4E0900E75C28 /* CategoryTitleTableViewCell.swift */ = {isa = PBXFileReference; lastKnownFileType = sourcecode.swift; path = CategoryTitleTableViewCell.swift; sourceTree = "<group>"; };
		99579EBC202107AF004118FC /* zuTun.app */ = {isa = PBXFileReference; explicitFileType = wrapper.application; includeInIndex = 0; path = zuTun.app; sourceTree = BUILT_PRODUCTS_DIR; };
		99579EBF202107AF004118FC /* AppDelegate.swift */ = {isa = PBXFileReference; lastKnownFileType = sourcecode.swift; path = AppDelegate.swift; sourceTree = "<group>"; };
		99579EC1202107AF004118FC /* CategoryViewController.swift */ = {isa = PBXFileReference; lastKnownFileType = sourcecode.swift; path = CategoryViewController.swift; sourceTree = "<group>"; };
		99579EC4202107AF004118FC /* Base */ = {isa = PBXFileReference; lastKnownFileType = file.storyboard; name = Base; path = Base.lproj/Main.storyboard; sourceTree = "<group>"; };
		99579EC9202107AF004118FC /* Assets.xcassets */ = {isa = PBXFileReference; lastKnownFileType = folder.assetcatalog; path = Assets.xcassets; sourceTree = "<group>"; };
		99579ECC202107AF004118FC /* Base */ = {isa = PBXFileReference; lastKnownFileType = file.storyboard; name = Base; path = Base.lproj/LaunchScreen.storyboard; sourceTree = "<group>"; };
		99579ECE202107AF004118FC /* Info.plist */ = {isa = PBXFileReference; lastKnownFileType = text.plist.xml; path = Info.plist; sourceTree = "<group>"; };
		9965FE8A2027ADED009E457F /* Category.swift */ = {isa = PBXFileReference; lastKnownFileType = sourcecode.swift; path = Category.swift; sourceTree = "<group>"; };
		D1CB90D33A069765588B02A5 /* Pods_zuTun.framework */ = {isa = PBXFileReference; explicitFileType = wrapper.framework; includeInIndex = 0; path = Pods_zuTun.framework; sourceTree = BUILT_PRODUCTS_DIR; };
		ECDC30DBF58878B6E0EC5AB3 /* Pods-zuTun.debug.xcconfig */ = {isa = PBXFileReference; includeInIndex = 1; lastKnownFileType = text.xcconfig; name = "Pods-zuTun.debug.xcconfig"; path = "Pods/Target Support Files/Pods-zuTun/Pods-zuTun.debug.xcconfig"; sourceTree = "<group>"; };
/* End PBXFileReference section */

/* Begin PBXFrameworksBuildPhase section */
		99579EB9202107AF004118FC /* Frameworks */ = {
			isa = PBXFrameworksBuildPhase;
			buildActionMask = 2147483647;
			files = (
				D648127C463CCE720E56FA4C /* Pods_zuTun.framework in Frameworks */,
			);
			runOnlyForDeploymentPostprocessing = 0;
		};
/* End PBXFrameworksBuildPhase section */

/* Begin PBXGroup section */
		135AD595A434067E990DE4E9 /* Pods */ = {
			isa = PBXGroup;
			children = (
				ECDC30DBF58878B6E0EC5AB3 /* Pods-zuTun.debug.xcconfig */,
				64E75A2B9E3E466912BE6A41 /* Pods-zuTun.release.xcconfig */,
			);
			name = Pods;
			sourceTree = "<group>";
		};
		2B51AD3E9A1372237F0831CE /* Frameworks */ = {
			isa = PBXGroup;
			children = (
				D1CB90D33A069765588B02A5 /* Pods_zuTun.framework */,
			);
			name = Frameworks;
			sourceTree = "<group>";
		};
		991CDCA7202A4E3100E75C28 /* Custom Cell */ = {
			isa = PBXGroup;
			children = (
				991CDCA5202A4E0900E75C28 /* CategoryTitleTableViewCell.swift */,
			);
			path = "Custom Cell";
			sourceTree = "<group>";
		};
		99579EB3202107AF004118FC = {
			isa = PBXGroup;
			children = (
				99579EBE202107AF004118FC /* zuTun */,
				99579EBD202107AF004118FC /* Products */,
				135AD595A434067E990DE4E9 /* Pods */,
				2B51AD3E9A1372237F0831CE /* Frameworks */,
			);
			sourceTree = "<group>";
		};
		99579EBD202107AF004118FC /* Products */ = {
			isa = PBXGroup;
			children = (
				99579EBC202107AF004118FC /* zuTun.app */,
			);
			name = Products;
			sourceTree = "<group>";
		};
		99579EBE202107AF004118FC /* zuTun */ = {
			isa = PBXGroup;
			children = (
				991CDCA7202A4E3100E75C28 /* Custom Cell */,
				9965FE892027AD57009E457F /* View Controllers */,
				9965FE882027AD49009E457F /* Data Model */,
				99579EBF202107AF004118FC /* AppDelegate.swift */,
				99579EC3202107AF004118FC /* Main.storyboard */,
				99579EC9202107AF004118FC /* Assets.xcassets */,
				99579ECB202107AF004118FC /* LaunchScreen.storyboard */,
				99579ECE202107AF004118FC /* Info.plist */,
			);
			path = zuTun;
			sourceTree = "<group>";
		};
		9965FE882027AD49009E457F /* Data Model */ = {
			isa = PBXGroup;
			children = (
				9965FE8A2027ADED009E457F /* Category.swift */,
			);
			path = "Data Model";
			sourceTree = "<group>";
		};
		9965FE892027AD57009E457F /* View Controllers */ = {
			isa = PBXGroup;
			children = (
				99579EC1202107AF004118FC /* CategoryViewController.swift */,
				991CDCA32028FA1E00E75C28 /* EditNewCategoryViewController.swift */,
			);
			path = "View Controllers";
			sourceTree = "<group>";
		};
/* End PBXGroup section */

/* Begin PBXNativeTarget section */
		99579EBB202107AF004118FC /* zuTun */ = {
			isa = PBXNativeTarget;
			buildConfigurationList = 99579ED1202107AF004118FC /* Build configuration list for PBXNativeTarget "zuTun" */;
			buildPhases = (
				8BD463BA7B03A2ACC1C1138A /* [CP] Check Pods Manifest.lock */,
				99579EB8202107AF004118FC /* Sources */,
				99579EB9202107AF004118FC /* Frameworks */,
				99579EBA202107AF004118FC /* Resources */,
				D1433AE6B7B4EC1EBC3F3DF5 /* [CP] Embed Pods Frameworks */,
				20FEB0E643DDEC635D37232F /* [CP] Copy Pods Resources */,
			);
			buildRules = (
			);
			dependencies = (
			);
			name = zuTun;
			productName = zuTun;
			productReference = 99579EBC202107AF004118FC /* zuTun.app */;
			productType = "com.apple.product-type.application";
		};
/* End PBXNativeTarget section */

/* Begin PBXProject section */
		99579EB4202107AF004118FC /* Project object */ = {
			isa = PBXProject;
			attributes = {
				LastSwiftUpdateCheck = 0920;
				LastUpgradeCheck = 0920;
				ORGANIZATIONNAME = "Fahmi Sulaiman";
				TargetAttributes = {
					99579EBB202107AF004118FC = {
						CreatedOnToolsVersion = 9.2;
						ProvisioningStyle = Automatic;
					};
				};
			};
			buildConfigurationList = 99579EB7202107AF004118FC /* Build configuration list for PBXProject "zuTun" */;
			compatibilityVersion = "Xcode 8.0";
			developmentRegion = en;
			hasScannedForEncodings = 0;
			knownRegions = (
				en,
				Base,
			);
			mainGroup = 99579EB3202107AF004118FC;
			productRefGroup = 99579EBD202107AF004118FC /* Products */;
			projectDirPath = "";
			projectRoot = "";
			targets = (
				99579EBB202107AF004118FC /* zuTun */,
			);
		};
/* End PBXProject section */

/* Begin PBXResourcesBuildPhase section */
		99579EBA202107AF004118FC /* Resources */ = {
			isa = PBXResourcesBuildPhase;
			buildActionMask = 2147483647;
			files = (
				99579ECD202107AF004118FC /* LaunchScreen.storyboard in Resources */,
				99579ECA202107AF004118FC /* Assets.xcassets in Resources */,
				99579EC5202107AF004118FC /* Main.storyboard in Resources */,
			);
			runOnlyForDeploymentPostprocessing = 0;
		};
/* End PBXResourcesBuildPhase section */

/* Begin PBXShellScriptBuildPhase section */
		20FEB0E643DDEC635D37232F /* [CP] Copy Pods Resources */ = {
			isa = PBXShellScriptBuildPhase;
			buildActionMask = 2147483647;
			files = (
			);
			inputPaths = (
			);
			name = "[CP] Copy Pods Resources";
			outputPaths = (
			);
			runOnlyForDeploymentPostprocessing = 0;
			shellPath = /bin/sh;
			shellScript = "\"${SRCROOT}/Pods/Target Support Files/Pods-zuTun/Pods-zuTun-resources.sh\"\n";
			showEnvVarsInLog = 0;
		};
		8BD463BA7B03A2ACC1C1138A /* [CP] Check Pods Manifest.lock */ = {
			isa = PBXShellScriptBuildPhase;
			buildActionMask = 2147483647;
			files = (
			);
			inputPaths = (
				"${PODS_PODFILE_DIR_PATH}/Podfile.lock",
				"${PODS_ROOT}/Manifest.lock",
			);
			name = "[CP] Check Pods Manifest.lock";
			outputPaths = (
				"$(DERIVED_FILE_DIR)/Pods-zuTun-checkManifestLockResult.txt",
			);
			runOnlyForDeploymentPostprocessing = 0;
			shellPath = /bin/sh;
			shellScript = "diff \"${PODS_PODFILE_DIR_PATH}/Podfile.lock\" \"${PODS_ROOT}/Manifest.lock\" > /dev/null\nif [ $? != 0 ] ; then\n    # print error to STDERR\n    echo \"error: The sandbox is not in sync with the Podfile.lock. Run 'pod install' or update your CocoaPods installation.\" >&2\n    exit 1\nfi\n# This output is used by Xcode 'outputs' to avoid re-running this script phase.\necho \"SUCCESS\" > \"${SCRIPT_OUTPUT_FILE_0}\"\n";
			showEnvVarsInLog = 0;
		};
		D1433AE6B7B4EC1EBC3F3DF5 /* [CP] Embed Pods Frameworks */ = {
			isa = PBXShellScriptBuildPhase;
			buildActionMask = 2147483647;
			files = (
			);
			inputPaths = (
				"${SRCROOT}/Pods/Target Support Files/Pods-zuTun/Pods-zuTun-frameworks.sh",
				"${BUILT_PRODUCTS_DIR}/Realm/Realm.framework",
				"${BUILT_PRODUCTS_DIR}/RealmSwift/RealmSwift.framework",
				"${BUILT_PRODUCTS_DIR}/SkyFloatingLabelTextField/SkyFloatingLabelTextField.framework",
				"${BUILT_PRODUCTS_DIR}/SwipeCellKit/SwipeCellKit.framework",
			);
			name = "[CP] Embed Pods Frameworks";
			outputPaths = (
				"${TARGET_BUILD_DIR}/${FRAMEWORKS_FOLDER_PATH}/Realm.framework",
				"${TARGET_BUILD_DIR}/${FRAMEWORKS_FOLDER_PATH}/RealmSwift.framework",
				"${TARGET_BUILD_DIR}/${FRAMEWORKS_FOLDER_PATH}/SkyFloatingLabelTextField.framework",
				"${TARGET_BUILD_DIR}/${FRAMEWORKS_FOLDER_PATH}/SwipeCellKit.framework",
			);
			runOnlyForDeploymentPostprocessing = 0;
			shellPath = /bin/sh;
			shellScript = "\"${SRCROOT}/Pods/Target Support Files/Pods-zuTun/Pods-zuTun-frameworks.sh\"\n";
			showEnvVarsInLog = 0;
		};
/* End PBXShellScriptBuildPhase section */

/* Begin PBXSourcesBuildPhase section */
		99579EB8202107AF004118FC /* Sources */ = {
			isa = PBXSourcesBuildPhase;
			buildActionMask = 2147483647;
			files = (
				991CDCA42028FA1E00E75C28 /* EditNewCategoryViewController.swift in Sources */,
				991CDCA6202A4E0900E75C28 /* CategoryTitleTableViewCell.swift in Sources */,
				99579EC2202107AF004118FC /* CategoryViewController.swift in Sources */,
				99579EC0202107AF004118FC /* AppDelegate.swift in Sources */,
				9965FE8B2027ADED009E457F /* Category.swift in Sources */,
			);
			runOnlyForDeploymentPostprocessing = 0;
		};
/* End PBXSourcesBuildPhase section */

/* Begin PBXVariantGroup section */
		99579EC3202107AF004118FC /* Main.storyboard */ = {
			isa = PBXVariantGroup;
			children = (
				99579EC4202107AF004118FC /* Base */,
			);
			name = Main.storyboard;
			sourceTree = "<group>";
		};
		99579ECB202107AF004118FC /* LaunchScreen.storyboard */ = {
			isa = PBXVariantGroup;
			children = (
				99579ECC202107AF004118FC /* Base */,
			);
			name = LaunchScreen.storyboard;
			sourceTree = "<group>";
		};
/* End PBXVariantGroup section */

/* Begin XCBuildConfiguration section */
		99579ECF202107AF004118FC /* Debug */ = {
			isa = XCBuildConfiguration;
			buildSettings = {
				ALWAYS_SEARCH_USER_PATHS = NO;
				CLANG_ANALYZER_NONNULL = YES;
				CLANG_ANALYZER_NUMBER_OBJECT_CONVERSION = YES_AGGRESSIVE;
				CLANG_CXX_LANGUAGE_STANDARD = "gnu++14";
				CLANG_CXX_LIBRARY = "libc++";
				CLANG_ENABLE_MODULES = YES;
				CLANG_ENABLE_OBJC_ARC = YES;
				CLANG_WARN_BLOCK_CAPTURE_AUTORELEASING = YES;
				CLANG_WARN_BOOL_CONVERSION = YES;
				CLANG_WARN_COMMA = YES;
				CLANG_WARN_CONSTANT_CONVERSION = YES;
				CLANG_WARN_DIRECT_OBJC_ISA_USAGE = YES_ERROR;
				CLANG_WARN_DOCUMENTATION_COMMENTS = YES;
				CLANG_WARN_EMPTY_BODY = YES;
				CLANG_WARN_ENUM_CONVERSION = YES;
				CLANG_WARN_INFINITE_RECURSION = YES;
				CLANG_WARN_INT_CONVERSION = YES;
				CLANG_WARN_NON_LITERAL_NULL_CONVERSION = YES;
				CLANG_WARN_OBJC_LITERAL_CONVERSION = YES;
				CLANG_WARN_OBJC_ROOT_CLASS = YES_ERROR;
				CLANG_WARN_RANGE_LOOP_ANALYSIS = YES;
				CLANG_WARN_STRICT_PROTOTYPES = YES;
				CLANG_WARN_SUSPICIOUS_MOVE = YES;
				CLANG_WARN_UNGUARDED_AVAILABILITY = YES_AGGRESSIVE;
				CLANG_WARN_UNREACHABLE_CODE = YES;
				CLANG_WARN__DUPLICATE_METHOD_MATCH = YES;
				CODE_SIGN_IDENTITY = "iPhone Developer";
				COPY_PHASE_STRIP = NO;
				DEBUG_INFORMATION_FORMAT = dwarf;
				ENABLE_STRICT_OBJC_MSGSEND = YES;
				ENABLE_TESTABILITY = YES;
				GCC_C_LANGUAGE_STANDARD = gnu11;
				GCC_DYNAMIC_NO_PIC = NO;
				GCC_NO_COMMON_BLOCKS = YES;
				GCC_OPTIMIZATION_LEVEL = 0;
				GCC_PREPROCESSOR_DEFINITIONS = (
					"DEBUG=1",
					"$(inherited)",
				);
				GCC_WARN_64_TO_32_BIT_CONVERSION = YES;
				GCC_WARN_ABOUT_RETURN_TYPE = YES_ERROR;
				GCC_WARN_UNDECLARED_SELECTOR = YES;
				GCC_WARN_UNINITIALIZED_AUTOS = YES_AGGRESSIVE;
				GCC_WARN_UNUSED_FUNCTION = YES;
				GCC_WARN_UNUSED_VARIABLE = YES;
				IPHONEOS_DEPLOYMENT_TARGET = 11.2;
				MTL_ENABLE_DEBUG_INFO = YES;
				ONLY_ACTIVE_ARCH = YES;
				SDKROOT = iphoneos;
				SWIFT_ACTIVE_COMPILATION_CONDITIONS = DEBUG;
				SWIFT_OPTIMIZATION_LEVEL = "-Onone";
			};
			name = Debug;
		};
		99579ED0202107AF004118FC /* Release */ = {
			isa = XCBuildConfiguration;
			buildSettings = {
				ALWAYS_SEARCH_USER_PATHS = NO;
				CLANG_ANALYZER_NONNULL = YES;
				CLANG_ANALYZER_NUMBER_OBJECT_CONVERSION = YES_AGGRESSIVE;
				CLANG_CXX_LANGUAGE_STANDARD = "gnu++14";
				CLANG_CXX_LIBRARY = "libc++";
				CLANG_ENABLE_MODULES = YES;
				CLANG_ENABLE_OBJC_ARC = YES;
				CLANG_WARN_BLOCK_CAPTURE_AUTORELEASING = YES;
				CLANG_WARN_BOOL_CONVERSION = YES;
				CLANG_WARN_COMMA = YES;
				CLANG_WARN_CONSTANT_CONVERSION = YES;
				CLANG_WARN_DIRECT_OBJC_ISA_USAGE = YES_ERROR;
				CLANG_WARN_DOCUMENTATION_COMMENTS = YES;
				CLANG_WARN_EMPTY_BODY = YES;
				CLANG_WARN_ENUM_CONVERSION = YES;
				CLANG_WARN_INFINITE_RECURSION = YES;
				CLANG_WARN_INT_CONVERSION = YES;
				CLANG_WARN_NON_LITERAL_NULL_CONVERSION = YES;
				CLANG_WARN_OBJC_LITERAL_CONVERSION = YES;
				CLANG_WARN_OBJC_ROOT_CLASS = YES_ERROR;
				CLANG_WARN_RANGE_LOOP_ANALYSIS = YES;
				CLANG_WARN_STRICT_PROTOTYPES = YES;
				CLANG_WARN_SUSPICIOUS_MOVE = YES;
				CLANG_WARN_UNGUARDED_AVAILABILITY = YES_AGGRESSIVE;
				CLANG_WARN_UNREACHABLE_CODE = YES;
				CLANG_WARN__DUPLICATE_METHOD_MATCH = YES;
				CODE_SIGN_IDENTITY = "iPhone Developer";
				COPY_PHASE_STRIP = NO;
				DEBUG_INFORMATION_FORMAT = "dwarf-with-dsym";
				ENABLE_NS_ASSERTIONS = NO;
				ENABLE_STRICT_OBJC_MSGSEND = YES;
				GCC_C_LANGUAGE_STANDARD = gnu11;
				GCC_NO_COMMON_BLOCKS = YES;
				GCC_WARN_64_TO_32_BIT_CONVERSION = YES;
				GCC_WARN_ABOUT_RETURN_TYPE = YES_ERROR;
				GCC_WARN_UNDECLARED_SELECTOR = YES;
				GCC_WARN_UNINITIALIZED_AUTOS = YES_AGGRESSIVE;
				GCC_WARN_UNUSED_FUNCTION = YES;
				GCC_WARN_UNUSED_VARIABLE = YES;
				IPHONEOS_DEPLOYMENT_TARGET = 11.2;
				MTL_ENABLE_DEBUG_INFO = NO;
				SDKROOT = iphoneos;
				SWIFT_OPTIMIZATION_LEVEL = "-Owholemodule";
				VALIDATE_PRODUCT = YES;
			};
			name = Release;
		};
		99579ED2202107AF004118FC /* Debug */ = {
			isa = XCBuildConfiguration;
			baseConfigurationReference = ECDC30DBF58878B6E0EC5AB3 /* Pods-zuTun.debug.xcconfig */;
			buildSettings = {
				ASSETCATALOG_COMPILER_APPICON_NAME = AppIcon;
				CODE_SIGN_STYLE = Automatic;
				DEVELOPMENT_TEAM = MHSS2N99PV;
				INFOPLIST_FILE = zuTun/Info.plist;
				IPHONEOS_DEPLOYMENT_TARGET = 10.0;
				LD_RUNPATH_SEARCH_PATHS = "$(inherited) @executable_path/Frameworks";
				PRODUCT_BUNDLE_IDENTIFIER = com.sf4hmi.zuTun;
				PRODUCT_NAME = "$(TARGET_NAME)";
				SWIFT_VERSION = 4.0;
				TARGETED_DEVICE_FAMILY = 1;
			};
			name = Debug;
		};
		99579ED3202107AF004118FC /* Release */ = {
			isa = XCBuildConfiguration;
			baseConfigurationReference = 64E75A2B9E3E466912BE6A41 /* Pods-zuTun.release.xcconfig */;
			buildSettings = {
				ASSETCATALOG_COMPILER_APPICON_NAME = AppIcon;
				CODE_SIGN_STYLE = Automatic;
				DEVELOPMENT_TEAM = MHSS2N99PV;
				INFOPLIST_FILE = zuTun/Info.plist;
				IPHONEOS_DEPLOYMENT_TARGET = 10.0;
				LD_RUNPATH_SEARCH_PATHS = "$(inherited) @executable_path/Frameworks";
				PRODUCT_BUNDLE_IDENTIFIER = com.sf4hmi.zuTun;
				PRODUCT_NAME = "$(TARGET_NAME)";
				SWIFT_VERSION = 4.0;
				TARGETED_DEVICE_FAMILY = 1;
			};
			name = Release;
		};
/* End XCBuildConfiguration section */

/* Begin XCConfigurationList section */
		99579EB7202107AF004118FC /* Build configuration list for PBXProject "zuTun" */ = {
			isa = XCConfigurationList;
			buildConfigurations = (
				99579ECF202107AF004118FC /* Debug */,
				99579ED0202107AF004118FC /* Release */,
			);
			defaultConfigurationIsVisible = 0;
			defaultConfigurationName = Release;
		};
		99579ED1202107AF004118FC /* Build configuration list for PBXNativeTarget "zuTun" */ = {
			isa = XCConfigurationList;
			buildConfigurations = (
				99579ED2202107AF004118FC /* Debug */,
				99579ED3202107AF004118FC /* Release */,
			);
			defaultConfigurationIsVisible = 0;
			defaultConfigurationName = Release;
		};
/* End XCConfigurationList section */
	};
	rootObject = 99579EB4202107AF004118FC /* Project object */;
}
