// !$*UTF8*$!
{
	archiveVersion = 1;
	classes = {
	};
	objectVersion = 48;
	objects = {

/* Begin PBXBuildFile section */
		99579EC0202107AF004118FC /* AppDelegate.swift in Sources */ = {isa = PBXBuildFile; fileRef = 99579EBF202107AF004118FC /* AppDelegate.swift */; };
		99579EC2202107AF004118FC /* ViewController.swift in Sources */ = {isa = PBXBuildFile; fileRef = 99579EC1202107AF004118FC /* ViewController.swift */; };
		99579EC5202107AF004118FC /* Main.storyboard in Resources */ = {isa = PBXBuildFile; fileRef = 99579EC3202107AF004118FC /* Main.storyboard */; };
		99579EC8202107AF004118FC /* zuTun.xcdatamodeld in Sources */ = {isa = PBXBuildFile; fileRef = 99579EC6202107AF004118FC /* zuTun.xcdatamodeld */; };
		99579ECA202107AF004118FC /* Assets.xcassets in Resources */ = {isa = PBXBuildFile; fileRef = 99579EC9202107AF004118FC /* Assets.xcassets */; };
		99579ECD202107AF004118FC /* LaunchScreen.storyboard in Resources */ = {isa = PBXBuildFile; fileRef = 99579ECB202107AF004118FC /* LaunchScreen.storyboard */; };
/* End PBXBuildFile section */

/* Begin PBXFileReference section */
		99579EBC202107AF004118FC /* zuTun.app */ = {isa = PBXFileReference; explicitFileType = wrapper.application; includeInIndex = 0; path = zuTun.app; sourceTree = BUILT_PRODUCTS_DIR; };
		99579EBF202107AF004118FC /* AppDelegate.swift */ = {isa = PBXFileReference; lastKnownFileType = sourcecode.swift; path = AppDelegate.swift; sourceTree = "<group>"; };
		99579EC1202107AF004118FC /* ViewController.swift */ = {isa = PBXFileReference; lastKnownFileType = sourcecode.swift; path = ViewController.swift; sourceTree = "<group>"; };
		99579EC4202107AF004118FC /* Base */ = {isa = PBXFileReference; lastKnownFileType = file.storyboard; name = Base; path = Base.lproj/Main.storyboard; sourceTree = "<group>"; };
		99579EC7202107AF004118FC /* zuTun.xcdatamodel */ = {isa = PBXFileReference; lastKnownFileType = wrapper.xcdatamodel; path = zuTun.xcdatamodel; sourceTree = "<group>"; };
		99579EC9202107AF004118FC /* Assets.xcassets */ = {isa = PBXFileReference; lastKnownFileType = folder.assetcatalog; path = Assets.xcassets; sourceTree = "<group>"; };
		99579ECC202107AF004118FC /* Base */ = {isa = PBXFileReference; lastKnownFileType = file.storyboard; name = Base; path = Base.lproj/LaunchScreen.storyboard; sourceTree = "<group>"; };
		99579ECE202107AF004118FC /* Info.plist */ = {isa = PBXFileReference; lastKnownFileType = text.plist.xml; path = Info.plist; sourceTree = "<group>"; };
/* End PBXFileReference section */

/* Begin PBXFrameworksBuildPhase section */
		99579EB9202107AF004118FC /* Frameworks */ = {
			isa = PBXFrameworksBuildPhase;
			buildActionMask = 2147483647;
			files = (
			);
			runOnlyForDeploymentPostprocessing = 0;
		};
/* End PBXFrameworksBuildPhase section */

/* Begin PBXGroup section */
		99579EB3202107AF004118FC = {
			isa = PBXGroup;
			children = (
				99579EBE202107AF004118FC /* zuTun */,
				99579EBD202107AF004118FC /* Products */,
			);
			sourceTree = "<group>";
		};
		99579EBD202107AF004118FC /* Products */ = {
			isa = PBXGroup;
			children = (
				99579EBC202107AF004118FC /* zuTun.app */,
			);
			name = Products;
			sourceTree = "<group>";
		};
		99579EBE202107AF004118FC /* zuTun */ = {
			isa = PBXGroup;
			children = (
				99579EBF202107AF004118FC /* AppDelegate.swift */,
				99579EC1202107AF004118FC /* ViewController.swift */,
				99579EC3202107AF004118FC /* Main.storyboard */,
				99579EC9202107AF004118FC /* Assets.xcassets */,
				99579ECB202107AF004118FC /* LaunchScreen.storyboard */,
				99579ECE202107AF004118FC /* Info.plist */,
				99579EC6202107AF004118FC /* zuTun.xcdatamodeld */,
			);
			path = zuTun;
			sourceTree = "<group>";
		};
/* End PBXGroup section */

/* Begin PBXNativeTarget section */
		99579EBB202107AF004118FC /* zuTun */ = {
			isa = PBXNativeTarget;
			buildConfigurationList = 99579ED1202107AF004118FC /* Build configuration list for PBXNativeTarget "zuTun" */;
			buildPhases = (
				99579EB8202107AF004118FC /* Sources */,
				99579EB9202107AF004118FC /* Frameworks */,
				99579EBA202107AF004118FC /* Resources */,
			);
			buildRules = (
			);
			dependencies = (
			);
			name = zuTun;
			productName = zuTun;
			productReference = 99579EBC202107AF004118FC /* zuTun.app */;
			productType = "com.apple.product-type.application";
		};
/* End PBXNativeTarget section */

/* Begin PBXProject section */
		99579EB4202107AF004118FC /* Project object */ = {
			isa = PBXProject;
			attributes = {
				LastSwiftUpdateCheck = 0920;
				LastUpgradeCheck = 0920;
				ORGANIZATIONNAME = "Fahmi Sulaiman";
				TargetAttributes = {
					99579EBB202107AF004118FC = {
						CreatedOnToolsVersion = 9.2;
						ProvisioningStyle = Automatic;
					};
				};
			};
			buildConfigurationList = 99579EB7202107AF004118FC /* Build configuration list for PBXProject "zuTun" */;
			compatibilityVersion = "Xcode 8.0";
			developmentRegion = en;
			hasScannedForEncodings = 0;
			knownRegions = (
				en,
				Base,
			);
			mainGroup = 99579EB3202107AF004118FC;
			productRefGroup = 99579EBD202107AF004118FC /* Products */;
			projectDirPath = "";
			projectRoot = "";
			targets = (
				99579EBB202107AF004118FC /* zuTun */,
			);
		};
/* End PBXProject section */

/* Begin PBXResourcesBuildPhase section */
		99579EBA202107AF004118FC /* Resources */ = {
			isa = PBXResourcesBuildPhase;
			buildActionMask = 2147483647;
			files = (
				99579ECD202107AF004118FC /* LaunchScreen.storyboard in Resources */,
				99579ECA202107AF004118FC /* Assets.xcassets in Resources */,
				99579EC5202107AF004118FC /* Main.storyboard in Resources */,
			);
			runOnlyForDeploymentPostprocessing = 0;
		};
/* End PBXResourcesBuildPhase section */

/* Begin PBXSourcesBuildPhase section */
		99579EB8202107AF004118FC /* Sources */ = {
			isa = PBXSourcesBuildPhase;
			buildActionMask = 2147483647;
			files = (
				99579EC8202107AF004118FC /* zuTun.xcdatamodeld in Sources */,
				99579EC2202107AF004118FC /* ViewController.swift in Sources */,
				99579EC0202107AF004118FC /* AppDelegate.swift in Sources */,
			);
			runOnlyForDeploymentPostprocessing = 0;
		};
/* End PBXSourcesBuildPhase section */

/* Begin PBXVariantGroup section */
		99579EC3202107AF004118FC /* Main.storyboard */ = {
			isa = PBXVariantGroup;
			children = (
				99579EC4202107AF004118FC /* Base */,
			);
			name = Main.storyboard;
			sourceTree = "<group>";
		};
		99579ECB202107AF004118FC /* LaunchScreen.storyboard */ = {
			isa = PBXVariantGroup;
			children = (
				99579ECC202107AF004118FC /* Base */,
			);
			name = LaunchScreen.storyboard;
			sourceTree = "<group>";
		};
/* End PBXVariantGroup section */

/* Begin XCBuildConfiguration section */
		99579ECF202107AF004118FC /* Debug */ = {
			isa = XCBuildConfiguration;
			buildSettings = {
				ALWAYS_SEARCH_USER_PATHS = NO;
				CLANG_ANALYZER_NONNULL = YES;
				CLANG_ANALYZER_NUMBER_OBJECT_CONVERSION = YES_AGGRESSIVE;
				CLANG_CXX_LANGUAGE_STANDARD = "gnu++14";
				CLANG_CXX_LIBRARY = "libc++";
				CLANG_ENABLE_MODULES = YES;
				CLANG_ENABLE_OBJC_ARC = YES;
				CLANG_WARN_BLOCK_CAPTURE_AUTORELEASING = YES;
				CLANG_WARN_BOOL_CONVERSION = YES;
				CLANG_WARN_COMMA = YES;
				CLANG_WARN_CONSTANT_CONVERSION = YES;
				CLANG_WARN_DIRECT_OBJC_ISA_USAGE = YES_ERROR;
				CLANG_WARN_DOCUMENTATION_COMMENTS = YES;
				CLANG_WARN_EMPTY_BODY = YES;
				CLANG_WARN_ENUM_CONVERSION = YES;
				CLANG_WARN_INFINITE_RECURSION = YES;
				CLANG_WARN_INT_CONVERSION = YES;
				CLANG_WARN_NON_LITERAL_NULL_CONVERSION = YES;
				CLANG_WARN_OBJC_LITERAL_CONVERSION = YES;
				CLANG_WARN_OBJC_ROOT_CLASS = YES_ERROR;
				CLANG_WARN_RANGE_LOOP_ANALYSIS = YES;
				CLANG_WARN_STRICT_PROTOTYPES = YES;
				CLANG_WARN_SUSPICIOUS_MOVE = YES;
				CLANG_WARN_UNGUARDED_AVAILABILITY = YES_AGGRESSIVE;
				CLANG_WARN_UNREACHABLE_CODE = YES;
				CLANG_WARN__DUPLICATE_METHOD_MATCH = YES;
				CODE_SIGN_IDENTITY = "iPhone Developer";
				COPY_PHASE_STRIP = NO;
				DEBUG_INFORMATION_FORMAT = dwarf;
				ENABLE_STRICT_OBJC_MSGSEND = YES;
				ENABLE_TESTABILITY = YES;
				GCC_C_LANGUAGE_STANDARD = gnu11;
				GCC_DYNAMIC_NO_PIC = NO;
				GCC_NO_COMMON_BLOCKS = YES;
				GCC_OPTIMIZATION_LEVEL = 0;
				GCC_PREPROCESSOR_DEFINITIONS = (
					"DEBUG=1",
					"$(inherited)",
				);
				GCC_WARN_64_TO_32_BIT_CONVERSION = YES;
				GCC_WARN_ABOUT_RETURN_TYPE = YES_ERROR;
				GCC_WARN_UNDECLARED_SELECTOR = YES;
				GCC_WARN_UNINITIALIZED_AUTOS = YES_AGGRESSIVE;
				GCC_WARN_UNUSED_FUNCTION = YES;
				GCC_WARN_UNUSED_VARIABLE = YES;
				IPHONEOS_DEPLOYMENT_TARGET = 11.2;
				MTL_ENABLE_DEBUG_INFO = YES;
				ONLY_ACTIVE_ARCH = YES;
				SDKROOT = iphoneos;
				SWIFT_ACTIVE_COMPILATION_CONDITIONS = DEBUG;
				SWIFT_OPTIMIZATION_LEVEL = "-Onone";
			};
			name = Debug;
		};
		99579ED0202107AF004118FC /* Release */ = {
			isa = XCBuildConfiguration;
			buildSettings = {
				ALWAYS_SEARCH_USER_PATHS = NO;
				CLANG_ANALYZER_NONNULL = YES;
				CLANG_ANALYZER_NUMBER_OBJECT_CONVERSION = YES_AGGRESSIVE;
				CLANG_CXX_LANGUAGE_STANDARD = "gnu++14";
				CLANG_CXX_LIBRARY = "libc++";
				CLANG_ENABLE_MODULES = YES;
				CLANG_ENABLE_OBJC_ARC = YES;
				CLANG_WARN_BLOCK_CAPTURE_AUTORELEASING = YES;
				CLANG_WARN_BOOL_CONVERSION = YES;
				CLANG_WARN_COMMA = YES;
				CLANG_WARN_CONSTANT_CONVERSION = YES;
				CLANG_WARN_DIRECT_OBJC_ISA_USAGE = YES_ERROR;
				CLANG_WARN_DOCUMENTATION_COMMENTS = YES;
				CLANG_WARN_EMPTY_BODY = YES;
				CLANG_WARN_ENUM_CONVERSION = YES;
				CLANG_WARN_INFINITE_RECURSION = YES;
				CLANG_WARN_INT_CONVERSION = YES;
				CLANG_WARN_NON_LITERAL_NULL_CONVERSION = YES;
				CLANG_WARN_OBJC_LITERAL_CONVERSION = YES;
				CLANG_WARN_OBJC_ROOT_CLASS = YES_ERROR;
				CLANG_WARN_RANGE_LOOP_ANALYSIS = YES;
				CLANG_WARN_STRICT_PROTOTYPES = YES;
				CLANG_WARN_SUSPICIOUS_MOVE = YES;
				CLANG_WARN_UNGUARDED_AVAILABILITY = YES_AGGRESSIVE;
				CLANG_WARN_UNREACHABLE_CODE = YES;
				CLANG_WARN__DUPLICATE_METHOD_MATCH = YES;
				CODE_SIGN_IDENTITY = "iPhone Developer";
				COPY_PHASE_STRIP = NO;
				DEBUG_INFORMATION_FORMAT = "dwarf-with-dsym";
				ENABLE_NS_ASSERTIONS = NO;
				ENABLE_STRICT_OBJC_MSGSEND = YES;
				GCC_C_LANGUAGE_STANDARD = gnu11;
				GCC_NO_COMMON_BLOCKS = YES;
				GCC_WARN_64_TO_32_BIT_CONVERSION = YES;
				GCC_WARN_ABOUT_RETURN_TYPE = YES_ERROR;
				GCC_WARN_UNDECLARED_SELECTOR = YES;
				GCC_WARN_UNINITIALIZED_AUTOS = YES_AGGRESSIVE;
				GCC_WARN_UNUSED_FUNCTION = YES;
				GCC_WARN_UNUSED_VARIABLE = YES;
				IPHONEOS_DEPLOYMENT_TARGET = 11.2;
				MTL_ENABLE_DEBUG_INFO = NO;
				SDKROOT = iphoneos;
				SWIFT_OPTIMIZATION_LEVEL = "-Owholemodule";
				VALIDATE_PRODUCT = YES;
			};
			name = Release;
		};
		99579ED2202107AF004118FC /* Debug */ = {
			isa = XCBuildConfiguration;
			buildSettings = {
				ASSETCATALOG_COMPILER_APPICON_NAME = AppIcon;
				CODE_SIGN_STYLE = Automatic;
				DEVELOPMENT_TEAM = MHSS2N99PV;
				INFOPLIST_FILE = zuTun/Info.plist;
				LD_RUNPATH_SEARCH_PATHS = "$(inherited) @executable_path/Frameworks";
				PRODUCT_BUNDLE_IDENTIFIER = com.sf4hmi.zuTun;
				PRODUCT_NAME = "$(TARGET_NAME)";
				SWIFT_VERSION = 4.0;
				TARGETED_DEVICE_FAMILY = "1,2";
			};
			name = Debug;
		};
		99579ED3202107AF004118FC /* Release */ = {
			isa = XCBuildConfiguration;
			buildSettings = {
				ASSETCATALOG_COMPILER_APPICON_NAME = AppIcon;
				CODE_SIGN_STYLE = Automatic;
				DEVELOPMENT_TEAM = MHSS2N99PV;
				INFOPLIST_FILE = zuTun/Info.plist;
				LD_RUNPATH_SEARCH_PATHS = "$(inherited) @executable_path/Frameworks";
				PRODUCT_BUNDLE_IDENTIFIER = com.sf4hmi.zuTun;
				PRODUCT_NAME = "$(TARGET_NAME)";
				SWIFT_VERSION = 4.0;
				TARGETED_DEVICE_FAMILY = "1,2";
			};
			name = Release;
		};
/* End XCBuildConfiguration section */

/* Begin XCConfigurationList section */
		99579EB7202107AF004118FC /* Build configuration list for PBXProject "zuTun" */ = {
			isa = XCConfigurationList;
			buildConfigurations = (
				99579ECF202107AF004118FC /* Debug */,
				99579ED0202107AF004118FC /* Release */,
			);
			defaultConfigurationIsVisible = 0;
			defaultConfigurationName = Release;
		};
		99579ED1202107AF004118FC /* Build configuration list for PBXNativeTarget "zuTun" */ = {
			isa = XCConfigurationList;
			buildConfigurations = (
				99579ED2202107AF004118FC /* Debug */,
				99579ED3202107AF004118FC /* Release */,
			);
			defaultConfigurationIsVisible = 0;
			defaultConfigurationName = Release;
		};
/* End XCConfigurationList section */

/* Begin XCVersionGroup section */
		99579EC6202107AF004118FC /* zuTun.xcdatamodeld */ = {
			isa = XCVersionGroup;
			children = (
				99579EC7202107AF004118FC /* zuTun.xcdatamodel */,
			);
			currentVersion = 99579EC7202107AF004118FC /* zuTun.xcdatamodel */;
			path = zuTun.xcdatamodeld;
			sourceTree = "<group>";
			versionGroupType = wrapper.xcdatamodel;
		};
/* End XCVersionGroup section */
	};
	rootObject = 99579EB4202107AF004118FC /* Project object */;
}
